
Microsoft Visual Studio Solution File, Format Version 12.00
# Visual Studio Version 16
VisualStudioVersion = 16.0.30804.86
MinimumVisualStudioVersion = 10.0.40219.1
Project("{FAE04EC0-301F-11D3-BF4B-00C04F79EFBC}") = "ConcurrentHashSet", "ConcurrentHashSet\ConcurrentHashSet.csproj", "{936746E1-B8B0-4852-9FE8-3D666F0A49B9}"
EndProject
Project("{FAE04EC0-301F-11D3-BF4B-00C04F79EFBC}") = "Tests", "Tests\Tests.csproj", "{55D86F64-3FD5-499E-9903-21F99331A5EA}"
EndProject
Global
	GlobalSection(SolutionConfigurationPlatforms) = preSolution
		Debug|Any CPU = Debug|Any CPU
		Release|Any CPU = Release|Any CPU
	EndGlobalSection
	GlobalSection(ProjectConfigurationPlatforms) = postSolution
		{936746E1-B8B0-4852-9FE8-3D666F0A49B9}.Debug|Any CPU.ActiveCfg = Debug|Any CPU
		{936746E1-B8B0-4852-9FE8-3D666F0A49B9}.Debug|Any CPU.Build.0 = Debug|Any CPU
		{936746E1-B8B0-4852-9FE8-3D666F0A49B9}.Release|Any CPU.ActiveCfg = Release|Any CPU
		{936746E1-B8B0-4852-9FE8-3D666F0A49B9}.Release|Any CPU.Build.0 = Release|Any CPU
		{55D86F64-3FD5-499E-9903-21F99331A5EA}.Debug|Any CPU.ActiveCfg = Debug|Any CPU
		{55D86F64-3FD5-499E-9903-21F99331A5EA}.Debug|Any CPU.Build.0 = Debug|Any CPU
		{55D86F64-3FD5-499E-9903-21F99331A5EA}.Release|Any CPU.ActiveCfg = Release|Any CPU
		{55D86F64-3FD5-499E-9903-21F99331A5EA}.Release|Any CPU.Build.0 = Release|Any CPU
	EndGlobalSection
	GlobalSection(SolutionProperties) = preSolution
		HideSolutionNode = FALSE
	EndGlobalSection
	GlobalSection(ExtensibilityGlobals) = postSolution
		SolutionGuid = {284361B1-6E7A-4039-833E-D7D4F854976E}
	EndGlobalSection
EndGlobal
